// !$*UTF8*$!
{
	archiveVersion = 1;
	classes = {
	};
	objectVersion = 45;
	objects = {

/* Begin PBXBuildFile section */
		1D3623260D0F684500981E51 /* TabAppDelegate.m in Sources */ = {isa = PBXBuildFile; fileRef = 1D3623250D0F684500981E51 /* TabAppDelegate.m */; };
		1D60589B0D05DD56006BFB54 /* main.m in Sources */ = {isa = PBXBuildFile; fileRef = 29B97316FDCFA39411CA2CEA /* main.m */; };
		1D60589F0D05DD5A006BFB54 /* Foundation.framework in Frameworks */ = {isa = PBXBuildFile; fileRef = 1D30AB110D05D00D00671497 /* Foundation.framework */; };
		1DF5F4E00D08C38300B7A737 /* UIKit.framework in Frameworks */ = {isa = PBXBuildFile; fileRef = 1DF5F4DF0D08C38300B7A737 /* UIKit.framework */; };
		288765FD0DF74451002DB57D /* CoreGraphics.framework in Frameworks */ = {isa = PBXBuildFile; fileRef = 288765FC0DF74451002DB57D /* CoreGraphics.framework */; };
		28AD733F0D9D9553002E5188 /* MainWindow.xib in Resources */ = {isa = PBXBuildFile; fileRef = 28AD733E0D9D9553002E5188 /* MainWindow.xib */; };
		EB0AE81511CD68EC00C0AD2A /* CoreLocation.framework in Frameworks */ = {isa = PBXBuildFile; fileRef = EB0AE81411CD68EC00C0AD2A /* CoreLocation.framework */; };
		EB5A05D911CE5E9F00289C93 /* AccelerometerViewController.m in Sources */ = {isa = PBXBuildFile; fileRef = EB5A05D711CE5E9F00289C93 /* AccelerometerViewController.m */; };
		EB5A05DA11CE5E9F00289C93 /* AccelerometerViewController.xib in Resources */ = {isa = PBXBuildFile; fileRef = EB5A05D811CE5E9F00289C93 /* AccelerometerViewController.xib */; };
		EBC3FAE811CD511E00F27EAD /* SoundViewController.m in Sources */ = {isa = PBXBuildFile; fileRef = EBC3FAE611CD511E00F27EAD /* SoundViewController.m */; };
		EBC3FAE911CD511E00F27EAD /* SoundViewController.xib in Resources */ = {isa = PBXBuildFile; fileRef = EBC3FAE711CD511E00F27EAD /* SoundViewController.xib */; };
		EBC3FAED11CD513200F27EAD /* CoreLocationViewController.m in Sources */ = {isa = PBXBuildFile; fileRef = EBC3FAEB11CD513200F27EAD /* CoreLocationViewController.m */; };
		EBC3FAEE11CD513200F27EAD /* CoreLocationViewController.xib in Resources */ = {isa = PBXBuildFile; fileRef = EBC3FAEC11CD513200F27EAD /* CoreLocationViewController.xib */; };
		EBC3FAF211CD514300F27EAD /* UserDefaultsController.m in Sources */ = {isa = PBXBuildFile; fileRef = EBC3FAF011CD514300F27EAD /* UserDefaultsController.m */; };
		EBC3FAF311CD514300F27EAD /* UserDefaultsController.xib in Resources */ = {isa = PBXBuildFile; fileRef = EBC3FAF111CD514300F27EAD /* UserDefaultsController.xib */; };
		EBC3FB7211CD5FC200F27EAD /* AudioToolbox.framework in Frameworks */ = {isa = PBXBuildFile; fileRef = EBC3FB7111CD5FC200F27EAD /* AudioToolbox.framework */; };
		EBC3FB8111CD626200F27EAD /* shaker.wav in Resources */ = {isa = PBXBuildFile; fileRef = EBC3FB8011CD626200F27EAD /* shaker.wav */; };
/* End PBXBuildFile section */

/* Begin PBXFileReference section */
		1D30AB110D05D00D00671497 /* Foundation.framework */ = {isa = PBXFileReference; lastKnownFileType = wrapper.framework; name = Foundation.framework; path = System/Library/Frameworks/Foundation.framework; sourceTree = SDKROOT; };
		1D3623240D0F684500981E51 /* TabAppDelegate.h */ = {isa = PBXFileReference; fileEncoding = 4; lastKnownFileType = sourcecode.c.h; path = TabAppDelegate.h; sourceTree = "<group>"; };
		1D3623250D0F684500981E51 /* TabAppDelegate.m */ = {isa = PBXFileReference; fileEncoding = 4; lastKnownFileType = sourcecode.c.objc; path = TabAppDelegate.m; sourceTree = "<group>"; };
		1D6058910D05DD3D006BFB54 /* Tabs with NSUserDefaults.app */ = {isa = PBXFileReference; explicitFileType = wrapper.application; includeInIndex = 0; path = "Tabs with NSUserDefaults.app"; sourceTree = BUILT_PRODUCTS_DIR; };
		1DF5F4DF0D08C38300B7A737 /* UIKit.framework */ = {isa = PBXFileReference; lastKnownFileType = wrapper.framework; name = UIKit.framework; path = System/Library/Frameworks/UIKit.framework; sourceTree = SDKROOT; };
		288765FC0DF74451002DB57D /* CoreGraphics.framework */ = {isa = PBXFileReference; lastKnownFileType = wrapper.framework; name = CoreGraphics.framework; path = System/Library/Frameworks/CoreGraphics.framework; sourceTree = SDKROOT; };
		28AD733E0D9D9553002E5188 /* MainWindow.xib */ = {isa = PBXFileReference; lastKnownFileType = file.xib; path = MainWindow.xib; sourceTree = "<group>"; };
		29B97316FDCFA39411CA2CEA /* main.m */ = {isa = PBXFileReference; fileEncoding = 4; lastKnownFileType = sourcecode.c.objc; path = main.m; sourceTree = "<group>"; };
		32CA4F630368D1EE00C91783 /* Tabs with NSUserDefaults_Prefix.pch */ = {isa = PBXFileReference; fileEncoding = 4; lastKnownFileType = sourcecode.c.h; path = "Tabs with NSUserDefaults_Prefix.pch"; sourceTree = "<group>"; };
		8D1107310486CEB800E47090 /* Tabs with NSUserDefaults-Info.plist */ = {isa = PBXFileReference; fileEncoding = 4; lastKnownFileType = text.plist.xml; path = "Tabs with NSUserDefaults-Info.plist"; plistStructureDefinitionIdentifier = "com.apple.xcode.plist.structure-definition.iphone.info-plist"; sourceTree = "<group>"; };
		EB0AE81411CD68EC00C0AD2A /* CoreLocation.framework */ = {isa = PBXFileReference; lastKnownFileType = wrapper.framework; name = CoreLocation.framework; path = System/Library/Frameworks/CoreLocation.framework; sourceTree = SDKROOT; };
		EB5A05D611CE5E9F00289C93 /* AccelerometerViewController.h */ = {isa = PBXFileReference; fileEncoding = 4; lastKnownFileType = sourcecode.c.h; path = AccelerometerViewController.h; sourceTree = "<group>"; };
		EB5A05D711CE5E9F00289C93 /* AccelerometerViewController.m */ = {isa = PBXFileReference; fileEncoding = 4; lastKnownFileType = sourcecode.c.objc; path = AccelerometerViewController.m; sourceTree = "<group>"; };
		EB5A05D811CE5E9F00289C93 /* AccelerometerViewController.xib */ = {isa = PBXFileReference; lastKnownFileType = file.xib; name = AccelerometerViewController.xib; path = Classes/AccelerometerViewController.xib; sourceTree = "<group>"; };
		EBC3FAE511CD511E00F27EAD /* SoundViewController.h */ = {isa = PBXFileReference; fileEncoding = 4; lastKnownFileType = sourcecode.c.h; path = SoundViewController.h; sourceTree = "<group>"; };
		EBC3FAE611CD511E00F27EAD /* SoundViewController.m */ = {isa = PBXFileReference; fileEncoding = 4; lastKnownFileType = sourcecode.c.objc; path = SoundViewController.m; sourceTree = "<group>"; };
		EBC3FAE711CD511E00F27EAD /* SoundViewController.xib */ = {isa = PBXFileReference; lastKnownFileType = file.xib; name = SoundViewController.xib; path = Classes/SoundViewController.xib; sourceTree = "<group>"; };
		EBC3FAEA11CD513200F27EAD /* CoreLocationViewController.h */ = {isa = PBXFileReference; fileEncoding = 4; lastKnownFileType = sourcecode.c.h; path = CoreLocationViewController.h; sourceTree = "<group>"; };
		EBC3FAEB11CD513200F27EAD /* CoreLocationViewController.m */ = {isa = PBXFileReference; fileEncoding = 4; lastKnownFileType = sourcecode.c.objc; path = CoreLocationViewController.m; sourceTree = "<group>"; };
		EBC3FAEC11CD513200F27EAD /* CoreLocationViewController.xib */ = {isa = PBXFileReference; lastKnownFileType = file.xib; name = CoreLocationViewController.xib; path = Classes/CoreLocationViewController.xib; sourceTree = "<group>"; };
		EBC3FAEF11CD514300F27EAD /* UserDefaultsController.h */ = {isa = PBXFileReference; fileEncoding = 4; lastKnownFileType = sourcecode.c.h; path = UserDefaultsController.h; sourceTree = "<group>"; };
		EBC3FAF011CD514300F27EAD /* UserDefaultsController.m */ = {isa = PBXFileReference; fileEncoding = 4; lastKnownFileType = sourcecode.c.objc; path = UserDefaultsController.m; sourceTree = "<group>"; };
		EBC3FAF111CD514300F27EAD /* UserDefaultsController.xib */ = {isa = PBXFileReference; lastKnownFileType = file.xib; name = UserDefaultsController.xib; path = Classes/UserDefaultsController.xib; sourceTree = "<group>"; };
		EBC3FB7111CD5FC200F27EAD /* AudioToolbox.framework */ = {isa = PBXFileReference; lastKnownFileType = wrapper.framework; name = AudioToolbox.framework; path = System/Library/Frameworks/AudioToolbox.framework; sourceTree = SDKROOT; };
		EBC3FB8011CD626200F27EAD /* shaker.wav */ = {isa = PBXFileReference; lastKnownFileType = audio.wav; path = shaker.wav; sourceTree = "<group>"; };
/* End PBXFileReference section */

/* Begin PBXFrameworksBuildPhase section */
		1D60588F0D05DD3D006BFB54 /* Frameworks */ = {
			isa = PBXFrameworksBuildPhase;
			buildActionMask = 2147483647;
			files = (
				1D60589F0D05DD5A006BFB54 /* Foundation.framework in Frameworks */,
				1DF5F4E00D08C38300B7A737 /* UIKit.framework in Frameworks */,
				288765FD0DF74451002DB57D /* CoreGraphics.framework in Frameworks */,
				EBC3FB7211CD5FC200F27EAD /* AudioToolbox.framework in Frameworks */,
				EB0AE81511CD68EC00C0AD2A /* CoreLocation.framework in Frameworks */,
			);
			runOnlyForDeploymentPostprocessing = 0;
		};
/* End PBXFrameworksBuildPhase section */

/* Begin PBXGroup section */
		080E96DDFE201D6D7F000001 /* Classes */ = {
			isa = PBXGroup;
			children = (
				1D3623240D0F684500981E51 /* TabAppDelegate.h */,
				1D3623250D0F684500981E51 /* TabAppDelegate.m */,
				EBC3FAE511CD511E00F27EAD /* SoundViewController.h */,
				EBC3FAE611CD511E00F27EAD /* SoundViewController.m */,
				EBC3FAEA11CD513200F27EAD /* CoreLocationViewController.h */,
				EBC3FAEB11CD513200F27EAD /* CoreLocationViewController.m */,
				EBC3FAEF11CD514300F27EAD /* UserDefaultsController.h */,
				EBC3FAF011CD514300F27EAD /* UserDefaultsController.m */,
				EB5A05D611CE5E9F00289C93 /* AccelerometerViewController.h */,
				EB5A05D711CE5E9F00289C93 /* AccelerometerViewController.m */,
			);
			path = Classes;
			sourceTree = "<group>";
		};
		19C28FACFE9D520D11CA2CBB /* Products */ = {
			isa = PBXGroup;
			children = (
				1D6058910D05DD3D006BFB54 /* Tabs with NSUserDefaults.app */,
			);
			name = Products;
			sourceTree = "<group>";
		};
		29B97314FDCFA39411CA2CEA /* CustomTemplate */ = {
			isa = PBXGroup;
			children = (
				080E96DDFE201D6D7F000001 /* Classes */,
				29B97315FDCFA39411CA2CEA /* Other Sources */,
				29B97317FDCFA39411CA2CEA /* Resources */,
				29B97323FDCFA39411CA2CEA /* Frameworks */,
				19C28FACFE9D520D11CA2CBB /* Products */,
			);
			name = CustomTemplate;
			sourceTree = "<group>";
		};
		29B97315FDCFA39411CA2CEA /* Other Sources */ = {
			isa = PBXGroup;
			children = (
				32CA4F630368D1EE00C91783 /* Tabs with NSUserDefaults_Prefix.pch */,
				29B97316FDCFA39411CA2CEA /* main.m */,
			);
			name = "Other Sources";
			sourceTree = "<group>";
		};
		29B97317FDCFA39411CA2CEA /* Resources */ = {
			isa = PBXGroup;
			children = (
				EBC3FB8011CD626200F27EAD /* shaker.wav */,
				EB5A05D811CE5E9F00289C93 /* AccelerometerViewController.xib */,
				EBC3FAE711CD511E00F27EAD /* SoundViewController.xib */,
				EBC3FAEC11CD513200F27EAD /* CoreLocationViewController.xib */,
				EBC3FAF111CD514300F27EAD /* UserDefaultsController.xib */,
				28AD733E0D9D9553002E5188 /* MainWindow.xib */,
				8D1107310486CEB800E47090 /* Tabs with NSUserDefaults-Info.plist */,
			);
			name = Resources;
			sourceTree = "<group>";
		};
		29B97323FDCFA39411CA2CEA /* Frameworks */ = {
			isa = PBXGroup;
			children = (
				1DF5F4DF0D08C38300B7A737 /* UIKit.framework */,
				1D30AB110D05D00D00671497 /* Foundation.framework */,
				288765FC0DF74451002DB57D /* CoreGraphics.framework */,
				EBC3FB7111CD5FC200F27EAD /* AudioToolbox.framework */,
				EB0AE81411CD68EC00C0AD2A /* CoreLocation.framework */,
			);
			name = Frameworks;
			sourceTree = "<group>";
		};
/* End PBXGroup section */

/* Begin PBXNativeTarget section */
		1D6058900D05DD3D006BFB54 /* Tabs with NSUserDefaults */ = {
			isa = PBXNativeTarget;
			buildConfigurationList = 1D6058960D05DD3E006BFB54 /* Build configuration list for PBXNativeTarget "Tabs with NSUserDefaults" */;
			buildPhases = (
				1D60588D0D05DD3D006BFB54 /* Resources */,
				1D60588E0D05DD3D006BFB54 /* Sources */,
				1D60588F0D05DD3D006BFB54 /* Frameworks */,
			);
			buildRules = (
			);
			dependencies = (
			);
			name = "Tabs with NSUserDefaults";
			productName = Tab;
			productReference = 1D6058910D05DD3D006BFB54 /* Tabs with NSUserDefaults.app */;
			productType = "com.apple.product-type.application";
		};
/* End PBXNativeTarget section */

/* Begin PBXProject section */
		29B97313FDCFA39411CA2CEA /* Project object */ = {
			isa = PBXProject;
			buildConfigurationList = C01FCF4E08A954540054247B /* Build configuration list for PBXProject "Tabs with NSUserDefaults" */;
			compatibilityVersion = "Xcode 3.1";
			hasScannedForEncodings = 1;
			mainGroup = 29B97314FDCFA39411CA2CEA /* CustomTemplate */;
			projectDirPath = "";
			projectRoot = "";
			targets = (
				1D6058900D05DD3D006BFB54 /* Tabs with NSUserDefaults */,
			);
		};
/* End PBXProject section */

/* Begin PBXResourcesBuildPhase section */
		1D60588D0D05DD3D006BFB54 /* Resources */ = {
			isa = PBXResourcesBuildPhase;
			buildActionMask = 2147483647;
			files = (
				28AD733F0D9D9553002E5188 /* MainWindow.xib in Resources */,
				EBC3FAE911CD511E00F27EAD /* SoundViewController.xib in Resources */,
				EBC3FAEE11CD513200F27EAD /* CoreLocationViewController.xib in Resources */,
				EBC3FAF311CD514300F27EAD /* UserDefaultsController.xib in Resources */,
				EBC3FB8111CD626200F27EAD /* shaker.wav in Resources */,
				EB5A05DA11CE5E9F00289C93 /* AccelerometerViewController.xib in Resources */,
			);
			runOnlyForDeploymentPostprocessing = 0;
		};
/* End PBXResourcesBuildPhase section */

/* Begin PBXSourcesBuildPhase section */
		1D60588E0D05DD3D006BFB54 /* Sources */ = {
			isa = PBXSourcesBuildPhase;
			buildActionMask = 2147483647;
			files = (
				1D60589B0D05DD56006BFB54 /* main.m in Sources */,
				1D3623260D0F684500981E51 /* TabAppDelegate.m in Sources */,
				EBC3FAE811CD511E00F27EAD /* SoundViewController.m in Sources */,
				EBC3FAED11CD513200F27EAD /* CoreLocationViewController.m in Sources */,
				EBC3FAF211CD514300F27EAD /* UserDefaultsController.m in Sources */,
				EB5A05D911CE5E9F00289C93 /* AccelerometerViewController.m in Sources */,
			);
			runOnlyForDeploymentPostprocessing = 0;
		};
/* End PBXSourcesBuildPhase section */

/* Begin XCBuildConfiguration section */
		1D6058940D05DD3E006BFB54 /* Debug */ = {
			isa = XCBuildConfiguration;
			buildSettings = {
				ALWAYS_SEARCH_USER_PATHS = NO;
				COPY_PHASE_STRIP = NO;
				GCC_DYNAMIC_NO_PIC = NO;
				GCC_OPTIMIZATION_LEVEL = 0;
				GCC_PRECOMPILE_PREFIX_HEADER = YES;
				GCC_PREFIX_HEADER = "Tabs with NSUserDefaults_Prefix.pch";
				INFOPLIST_FILE = "Tabs with NSUserDefaults-Info.plist";
				PRODUCT_NAME = "Tabs with NSUserDefaults";
			};
			name = Debug;
		};
		1D6058950D05DD3E006BFB54 /* Release */ = {
			isa = XCBuildConfiguration;
			buildSettings = {
				ALWAYS_SEARCH_USER_PATHS = NO;
				COPY_PHASE_STRIP = YES;
				GCC_PRECOMPILE_PREFIX_HEADER = YES;
				GCC_PREFIX_HEADER = "Tabs with NSUserDefaults_Prefix.pch";
				INFOPLIST_FILE = "Tabs with NSUserDefaults-Info.plist";
				PRODUCT_NAME = "Tabs with NSUserDefaults";
				VALIDATE_PRODUCT = YES;
			};
			name = Release;
		};
		C01FCF4F08A954540054247B /* Debug */ = {
			isa = XCBuildConfiguration;
			buildSettings = {
				ARCHS = "$(ARCHS_STANDARD_32_BIT)";
				"CODE_SIGN_IDENTITY[sdk=iphoneos*]" = "iPhone Developer";
				GCC_C_LANGUAGE_STANDARD = c99;
				GCC_WARN_ABOUT_RETURN_TYPE = YES;
				GCC_WARN_UNUSED_VARIABLE = YES;
				PREBINDING = NO;
				SDKROOT = iphoneos3.1.3;
			};
			name = Debug;
		};
		C01FCF5008A954540054247B /* Release */ = {
			isa = XCBuildConfiguration;
			buildSettings = {
				ARCHS = "$(ARCHS_STANDARD_32_BIT)";
				"CODE_SIGN_IDENTITY[sdk=iphoneos*]" = "iPhone Developer";
				GCC_C_LANGUAGE_STANDARD = c99;
				GCC_WARN_ABOUT_RETURN_TYPE = YES;
				GCC_WARN_UNUSED_VARIABLE = YES;
				OTHER_CFLAGS = "-DNS_BLOCK_ASSERTIONS=1";
				PREBINDING = NO;
				SDKROOT = iphoneos3.1.3;
			};
			name = Release;
		};
/* End XCBuildConfiguration section */

/* Begin XCConfigurationList section */
		1D6058960D05DD3E006BFB54 /* Build configuration list for PBXNativeTarget "Tabs with NSUserDefaults" */ = {
			isa = XCConfigurationList;
			buildConfigurations = (
				1D6058940D05DD3E006BFB54 /* Debug */,
				1D6058950D05DD3E006BFB54 /* Release */,
			);
			defaultConfigurationIsVisible = 0;
			defaultConfigurationName = Release;
		};
		C01FCF4E08A954540054247B /* Build configuration list for PBXProject "Tabs with NSUserDefaults" */ = {
			isa = XCConfigurationList;
			buildConfigurations = (
				C01FCF4F08A954540054247B /* Debug */,
				C01FCF5008A954540054247B /* Release */,
			);
			defaultConfigurationIsVisible = 0;
			defaultConfigurationName = Release;
		};
/* End XCConfigurationList section */
	};
	rootObject = 29B97313FDCFA39411CA2CEA /* Project object */;
}
